
Microsoft Visual Studio Solution File, Format Version 12.00
# Visual Studio Version 16
VisualStudioVersion = 16.0.30621.155
MinimumVisualStudioVersion = 10.0.40219.1
Project("{FAE04EC0-301F-11D3-BF4B-00C04F79EFBC}") = "ConsoleApp2", "ConsoleApp2\ConsoleApp2.csproj", "{BCF518E0-49DA-41DB-A570-F67D749D4A22}"
EndProject
Global
	GlobalSection(SolutionConfigurationPlatforms) = preSolution
		Debug|Any CPU = Debug|Any CPU
		Release|Any CPU = Release|Any CPU
	EndGlobalSection
	GlobalSection(ProjectConfigurationPlatforms) = postSolution
		{BCF518E0-49DA-41DB-A570-F67D749D4A22}.Debug|Any CPU.ActiveCfg = Debug|Any CPU
		{BCF518E0-49DA-41DB-A570-F67D749D4A22}.Debug|Any CPU.Build.0 = Debug|Any CPU
		{BCF518E0-49DA-41DB-A570-F67D749D4A22}.Release|Any CPU.ActiveCfg = Release|Any CPU
		{BCF518E0-49DA-41DB-A570-F67D749D4A22}.Release|Any CPU.Build.0 = Release|Any CPU
	EndGlobalSection
	GlobalSection(SolutionProperties) = preSolution
		HideSolutionNode = FALSE
	EndGlobalSection
	GlobalSection(ExtensibilityGlobals) = postSolution
		SolutionGuid = {9130C40A-56C4-4A10-BAC8-9F1A3A607E67}
	EndGlobalSection
EndGlobal
